
Microsoft Visual Studio Solution File, Format Version 12.00
# Visual Studio 14
VisualStudioVersion = 14.0.25420.1
MinimumVisualStudioVersion = 10.0.40219.1
Project("{8BC9CEB8-8B4A-11D0-8D11-00A0C91BC942}") = "FtpCli", "FtpCli\FtpCli.vcxproj", "{97CF59B9-289C-43BA-83A8-2088F0B6D05F}"
EndProject
Global
	GlobalSection(SolutionConfigurationPlatforms) = preSolution
		Debug|Win32 = Debug|Win32
		Release|Win32 = Release|Win32
	EndGlobalSection
	GlobalSection(ProjectConfigurationPlatforms) = postSolution
		{97CF59B9-289C-43BA-83A8-2088F0B6D05F}.Debug|Win32.ActiveCfg = Debug|Win32
		{97CF59B9-289C-43BA-83A8-2088F0B6D05F}.Debug|Win32.Build.0 = Debug|Win32
		{97CF59B9-289C-43BA-83A8-2088F0B6D05F}.Release|Win32.ActiveCfg = Release|Win32
		{97CF59B9-289C-43BA-83A8-2088F0B6D05F}.Release|Win32.Build.0 = Release|Win32
	EndGlobalSection
	GlobalSection(SolutionProperties) = preSolution
		HideSolutionNode = FALSE
	EndGlobalSection
EndGlobal
